
Microsoft Visual Studio Solution File, Format Version 12.00
# Visual Studio Version 17
VisualStudioVersion = 17.4.33403.182
MinimumVisualStudioVersion = 10.0.40219.1
Project("{9A19103F-16F7-4668-BE54-9A1E7A4F7556}") = "Real-estate-market-IB190099", "Real-estate-market-IB190099\Real-estate-market-IB190099.csproj", "{DF26933D-B170-4C9F-8A2A-EDCBCA1542FD}"
EndProject
Project("{FAE04EC0-301F-11D3-BF4B-00C04F79EFBC}") = "Real-estate-market-IB190099.Services", "Real-estate-market-IB190099.Services\Real-estate-market-IB190099.Services.csproj", "{8DF7A159-DEFA-4947-A0B3-AEA0F1B01C82}"
EndProject
Project("{FAE04EC0-301F-11D3-BF4B-00C04F79EFBC}") = "Real-estate-market-IB190099.Model", "Real-estate-market-IB190099.Model\Real-estate-market-IB190099.Model.csproj", "{0F610165-EDDA-437B-A77F-95FA6129186D}"
EndProject
Global
	GlobalSection(SolutionConfigurationPlatforms) = preSolution
		Debug|Any CPU = Debug|Any CPU
		Release|Any CPU = Release|Any CPU
	EndGlobalSection
	GlobalSection(ProjectConfigurationPlatforms) = postSolution
		{DF26933D-B170-4C9F-8A2A-EDCBCA1542FD}.Debug|Any CPU.ActiveCfg = Debug|Any CPU
		{DF26933D-B170-4C9F-8A2A-EDCBCA1542FD}.Debug|Any CPU.Build.0 = Debug|Any CPU
		{DF26933D-B170-4C9F-8A2A-EDCBCA1542FD}.Release|Any CPU.ActiveCfg = Release|Any CPU
		{DF26933D-B170-4C9F-8A2A-EDCBCA1542FD}.Release|Any CPU.Build.0 = Release|Any CPU
		{8DF7A159-DEFA-4947-A0B3-AEA0F1B01C82}.Debug|Any CPU.ActiveCfg = Debug|Any CPU
		{8DF7A159-DEFA-4947-A0B3-AEA0F1B01C82}.Debug|Any CPU.Build.0 = Debug|Any CPU
		{8DF7A159-DEFA-4947-A0B3-AEA0F1B01C82}.Release|Any CPU.ActiveCfg = Release|Any CPU
		{8DF7A159-DEFA-4947-A0B3-AEA0F1B01C82}.Release|Any CPU.Build.0 = Release|Any CPU
		{0F610165-EDDA-437B-A77F-95FA6129186D}.Debug|Any CPU.ActiveCfg = Debug|Any CPU
		{0F610165-EDDA-437B-A77F-95FA6129186D}.Debug|Any CPU.Build.0 = Debug|Any CPU
		{0F610165-EDDA-437B-A77F-95FA6129186D}.Release|Any CPU.ActiveCfg = Release|Any CPU
		{0F610165-EDDA-437B-A77F-95FA6129186D}.Release|Any CPU.Build.0 = Release|Any CPU
	EndGlobalSection
	GlobalSection(SolutionProperties) = preSolution
		HideSolutionNode = FALSE
	EndGlobalSection
	GlobalSection(ExtensibilityGlobals) = postSolution
		SolutionGuid = {50095A03-CF87-4CCA-BBB8-2C504A88CB72}
	EndGlobalSection
EndGlobal
